<?xml version="1.0" encoding="utf-8"?>
<Project ToolsVersion="4.0" xmlns="http://schemas.microsoft.com/developer/msbuild/2003">
  <ItemGroup>
    <Filter Include="Source Files">
      <UniqueIdentifier>{4FC737F1-C7A5-4376-A066-2A32D752A2FF}</UniqueIdentifier>
      <Extensions>cpp;c;cc;cxx;def;odl;idl;hpj;bat;asm;asmx</Extensions>
    </Filter>
    <Filter Include="Header Files">
      <UniqueIdentifier>{93995380-89BD-4b04-88EB-625FBE52EBFB}</UniqueIdentifier>
      <Extensions>h;hh;hpp;hxx;hm;inl;inc;ipp;xsd</Extensions>
    </Filter>
    <Filter Include="Resource Files">
      <UniqueIdentifier>{67DA6AB6-F800-4c08-8B7A-83BB121AAD01}</UniqueIdentifier>
      <Extensions>rc;ico;cur;bmp;dlg;rc2;rct;bin;rgs;gif;jpg;jpeg;jpe;resx;tiff;tif;png;wav;mfcribbon-ms</Extensions>
    </Filter>
    <Filter Include="Header Files\Controller">
      <UniqueIdentifier>{851582ed-b859-44d2-aecb-fa90e20f248b}</UniqueIdentifier>
    </Filter>
    <Filter Include="Header Files\Utility">
      <UniqueIdentifier>{a453e490-0a0b-4c7c-98a0-7f885f223f3b}</UniqueIdentifier>
    </Filter>
    <Filter Include="Header Files\Utility\DataStructure">
      <UniqueIdentifier>{5bd18c3c-edf5-424f-ae5b-4810cb47920f}</UniqueIdentifier>
    </Filter>
    <Filter Include="Header Files\Object">
      <UniqueIdentifier>{e2e71740-2e0c-407e-a07a-73d8fa1033d9}</UniqueIdentifier>
    </Filter>
    <Filter Include="Header Files\Object\Component">
      <UniqueIdentifier>{9df06e2d-1cb6-45c0-a900-12cc411fe573}</UniqueIdentifier>
    </Filter>
  </ItemGroup>
  <ItemGroup>
    <ClInclude Include="stdafx.h">
      <Filter>Header Files</Filter>
    </ClInclude>
    <ClInclude Include="targetver.h">
      <Filter>Header Files</Filter>
    </ClInclude>
    <ClInclude Include="GameManager.h">
      <Filter>Header Files</Filter>
    </ClInclude>
    <ClInclude Include="BasicMacros.h">
      <Filter>Header Files</Filter>
    </ClInclude>
    <ClInclude Include="RenderComponent.h">
      <Filter>Header Files\Object\Component</Filter>
    </ClInclude>
    <ClInclude Include="PhysicsComponent.h">
      <Filter>Header Files\Object\Component</Filter>
    </ClInclude>
    <ClInclude Include="Log.h">
      <Filter>Header Files\Utility</Filter>
    </ClInclude>
    <ClInclude Include="Matrix4x4.h">
      <Filter>Header Files\Utility</Filter>
    </ClInclude>
    <ClInclude Include="SmartPointer.h">
      <Filter>Header Files\Utility</Filter>
    </ClInclude>
    <ClInclude Include="Vector.h">
      <Filter>Header Files\Utility</Filter>
    </ClInclude>
    <ClInclude Include="Vector2D.h">
      <Filter>Header Files\Utility</Filter>
    </ClInclude>
    <ClInclude Include="Vector3D.h">
      <Filter>Header Files\Utility</Filter>
    </ClInclude>
    <ClInclude Include="Vector4D.h">
      <Filter>Header Files\Utility</Filter>
    </ClInclude>
    <ClInclude Include="Timing.h">
      <Filter>Header Files\Utility</Filter>
    </ClInclude>
    <ClInclude Include="Vectors.h">
      <Filter>Header Files\Utility\DataStructure</Filter>
    </ClInclude>
    <ClInclude Include="GameObject3DBasicAttr.h">
      <Filter>Header Files\Object\Component</Filter>
    </ClInclude>
    <ClInclude Include="GameObjectManager.h">
      <Filter>Header Files</Filter>
    </ClInclude>
    <ClInclude Include="GameObject.h">
      <Filter>Header Files\Object</Filter>
    </ClInclude>
    <ClInclude Include="Status.h">
      <Filter>Header Files</Filter>
    </ClInclude>
    <ClInclude Include="RenderController.h">
      <Filter>Header Files</Filter>
    </ClInclude>
    <ClInclude Include="InputController.h">
      <Filter>Header Files</Filter>
    </ClInclude>
    <ClInclude Include="PhysicsController.h">
      <Filter>Header Files</Filter>
    </ClInclude>
    <ClInclude Include="StaticVariable.h">
      <Filter>Header Files</Filter>
    </ClInclude>
  </ItemGroup>
  <ItemGroup>
    <ClCompile Include="stdafx.cpp">
      <Filter>Source Files</Filter>
    </ClCompile>
    <ClCompile Include="Log.cpp">
      <Filter>Source Files</Filter>
    </ClCompile>
    <ClCompile Include="GameObject.cpp">
      <Filter>Source Files</Filter>
    </ClCompile>
    <ClCompile Include="Vector2D.cpp">
      <Filter>Source Files</Filter>
    </ClCompile>
    <ClCompile Include="Vector3D.cpp">
      <Filter>Source Files</Filter>
    </ClCompile>
    <ClCompile Include="Timing.cpp">
      <Filter>Source Files</Filter>
    </ClCompile>
    <ClCompile Include="GameManager.cpp">
      <Filter>Source Files</Filter>
    </ClCompile>
    <ClCompile Include="Vectors.cpp">
      <Filter>Source Files</Filter>
    </ClCompile>
    <ClCompile Include="SmartPointer.cpp">
      <Filter>Source Files</Filter>
    </ClCompile>
    <ClCompile Include="Vector4D.cpp">
      <Filter>Source Files</Filter>
    </ClCompile>
    <ClCompile Include="Vector.cpp">
      <Filter>Source Files</Filter>
    </ClCompile>
    <ClCompile Include="Matrix4x4.cpp">
      <Filter>Source Files</Filter>
    </ClCompile>
    <ClCompile Include="PhysicsController.cpp">
      <Filter>Source Files</Filter>
    </ClCompile>
    <ClCompile Include="PhysicsComponent.cpp">
      <Filter>Source Files</Filter>
    </ClCompile>
    <ClCompile Include="RenderComponent.cpp">
      <Filter>Source Files</Filter>
    </ClCompile>
    <ClCompile Include="BasicAttr.cpp">
      <Filter>Source Files</Filter>
    </ClCompile>
    <ClCompile Include="GameObjectManager.cpp">
      <Filter>Source Files</Filter>
    </ClCompile>
    <ClCompile Include="Status.cpp">
      <Filter>Source Files</Filter>
    </ClCompile>
    <ClCompile Include="RenderController.cpp">
      <Filter>Source Files</Filter>
    </ClCompile>
    <ClCompile Include="InputController.cpp">
      <Filter>Source Files</Filter>
    </ClCompile>
  </ItemGroup>
</Project>